{
  "version": "5",
  "specifiers": {
    "jsr:@std/assert@1": "1.0.13",
    "jsr:@std/internal@^1.0.6": "1.0.10",
    "npm:@types/google-polyline@^1.0.2": "1.0.2",
    "npm:@types/leaflet@^1.9.20": "1.9.20",
    "npm:change-case@^5.4.4": "5.4.4",
    "npm:convert-units@^2.3.4": "2.3.4",
    "npm:date-fns@^4.1.0": "4.1.0",
    "npm:es-toolkit@^1.39.8": "1.39.8",
    "npm:google-polyline@^1.0.3": "1.0.3",
    "npm:isbot@^4.1.0": "4.4.0",
    "npm:remix-auth-oauth2@^3.4.1": "3.4.1_remix-auth@4.2.0",
    "npm:remix-auth@^4.2.0": "4.2.0"
  },
  "jsr": {
    "@std/assert@1.0.13": {
      "integrity": "ae0d31e41919b12c656c742b22522c32fb26ed0cba32975cb0de2a273cb68b29",
      "dependencies": [
        "jsr:@std/internal"
      ]
    },
    "@std/internal@1.0.10": {
      "integrity": "e3be62ce42cab0e177c27698e5d9800122f67b766a0bea6ca4867886cbde8cf7"
    }
  },
  "npm": {
    "@edgefirst-dev/data@0.0.4": {
      "integrity": "sha512-VLhlvEPDJ0Sd0pE6sAYTQkIqZCXVonaWlgRJIQQHzfjTXCadF77qqHj5NxaPSc4wCul0DJO/0MnejVqJAXUiRg=="
    },
    "@mjackson/headers@0.10.0": {
      "integrity": "sha512-U1Eu1gF979k7ZoIBsJyD+T5l9MjtPONsZfoXfktsQHPJD0s7SokBGx+tLKDLsOY+gzVYAWS0yRFDNY8cgbQzWQ=="
    },
    "@oslojs/asn1@1.0.0": {
      "integrity": "sha512-zw/wn0sj0j0QKbIXfIlnEcTviaCzYOY3V5rAyjR6YtOByFtJiT574+8p9Wlach0lZH9fddD4yb9laEAIl4vXQA==",
      "dependencies": [
        "@oslojs/binary"
      ]
    },
    "@oslojs/binary@1.0.0": {
      "integrity": "sha512-9RCU6OwXU6p67H4NODbuxv2S3eenuQ4/WFLrsq+K/k682xrznH5EVWA7N4VFk9VYVcbFtKqur5YQQZc0ySGhsQ=="
    },
    "@oslojs/crypto@1.0.1": {
      "integrity": "sha512-7n08G8nWjAr/Yu3vu9zzrd0L9XnrJfpMioQcvCMxBIiF5orECHe5/3J0jmXRVvgfqMm/+4oxlQ+Sq39COYLcNQ==",
      "dependencies": [
        "@oslojs/asn1",
        "@oslojs/binary"
      ]
    },
    "@oslojs/encoding@0.4.1": {
      "integrity": "sha512-hkjo6MuIK/kQR5CrGNdAPZhS01ZCXuWDRJ187zh6qqF2+yMHZpD9fAYpX8q2bOO6Ryhl3XpCT6kUX76N8hhm4Q=="
    },
    "@oslojs/encoding@1.1.0": {
      "integrity": "sha512-70wQhgYmndg4GCPxPPxPGevRKqTIJ2Nh4OkiMWmDAVYsTQ+Ta7Sq+rPevXyXGdzr30/qZBnyOalCszoMxlyldQ=="
    },
    "@oslojs/jwt@0.2.0": {
      "integrity": "sha512-bLE7BtHrURedCn4Mco3ma9L4Y1GR2SMBuIvjWr7rmQ4/W/4Jy70TIAgZ+0nIlk0xHz1vNP8x8DCns45Sb2XRbg==",
      "dependencies": [
        "@oslojs/encoding@0.4.1"
      ]
    },
    "@types/geojson@7946.0.16": {
      "integrity": "sha512-6C8nqWur3j98U6+lXDfTUWIfgvZU+EumvpHKcYjujKH7woYyLj2sUmff0tRhrqM7BohUw7Pz3ZB1jj2gW9Fvmg=="
    },
    "@types/google-polyline@1.0.2": {
      "integrity": "sha512-Zb5hodKKkF9TZgn6T9Sjok/rq9QYlVfnzgBSlyM9mRZPmbO3jvr1vQenbWaCCTIe8IfbUM2rvHJu5/MCOrhfzA=="
    },
    "@types/leaflet@1.9.20": {
      "integrity": "sha512-rooalPMlk61LCaLOvBF2VIf9M47HgMQqi5xQ9QRi7c8PkdIe0WrIi5IxXUXQjAdL0c+vcQ01mYWbthzmp9GHWw==",
      "dependencies": [
        "@types/geojson"
      ]
    },
    "arctic@3.7.0": {
      "integrity": "sha512-ZMQ+f6VazDgUJOd+qNV+H7GohNSYal1mVjm5kEaZfE2Ifb7Ss70w+Q7xpJC87qZDkMZIXYf0pTIYZA0OPasSbw==",
      "dependencies": [
        "@oslojs/crypto",
        "@oslojs/encoding@1.1.0",
        "@oslojs/jwt"
      ]
    },
    "change-case@5.4.4": {
      "integrity": "sha512-HRQyTk2/YPEkt9TnUPbOpr64Uw3KOicFWPVBb+xiHvd6eBx/qPr9xqfBFDT8P2vWsvvz4jbEkfDe71W3VyNu2w=="
    },
    "convert-units@2.3.4": {
      "integrity": "sha512-ERHfdA0UhHJp1IpwE6PnFJx8LqG7B1ZjJ20UvVCmopEnVCfER68Tbe3kvN63dLbYXDA2xFWRE6zd4Wsf0w7POg==",
      "dependencies": [
        "lodash.foreach",
        "lodash.keys"
      ]
    },
    "date-fns@4.1.0": {
      "integrity": "sha512-Ukq0owbQXxa/U3EGtsdVBkR1w7KOQ5gIBqdH2hkvknzZPYvBxb/aa6E8L7tmjFtkwZBu3UXBbjIgPo/Ez4xaNg=="
    },
    "es-toolkit@1.39.8": {
      "integrity": "sha512-A8QO9TfF+rltS8BXpdu8OS+rpGgEdnRhqIVxO/ZmNvnXBYgOdSsxukT55ELyP94gZIntWJ+Li9QRrT2u1Kitpg=="
    },
    "google-polyline@1.0.3": {
      "integrity": "sha512-36BnqVxmVcR8lTvzO6aeXdICNChAwQLlfMkR1P9IBpTWE8hA6bAbQHCVArwMHB5WIMq9owywtAkjioe3crNq4Q=="
    },
    "isbot@4.4.0": {
      "integrity": "sha512-8ZvOWUA68kyJO4hHJdWjyreq7TYNWTS9y15IzeqVdKxR9pPr3P/3r9AHcoIv9M0Rllkao5qWz2v1lmcyKIVCzQ=="
    },
    "lodash._basebind@2.3.0": {
      "integrity": "sha512-SHqM7YCuJ+BeGTs7lqpWnmdHEeF4MWxS3dksJctHFNxR81FXPOzA4bS5Vs5CpcGTkBpM8FCl+YEbQEblRw8ABg==",
      "dependencies": [
        "lodash._basecreate",
        "lodash._setbinddata",
        "lodash.isobject"
      ]
    },
    "lodash._basecreate@2.3.0": {
      "integrity": "sha512-vwZaWldZwS2y9b99D8i9+WtgiZXbHKsBsMrpxJEqTsNW20NhJo5W8PBQkeQO9CmxuqEYn8UkMnfEM2MMT4cVrw==",
      "dependencies": [
        "lodash._renative",
        "lodash.isobject",
        "lodash.noop"
      ]
    },
    "lodash._basecreatecallback@2.3.0": {
      "integrity": "sha512-Ev+pDzzfVfgbiucpXijconLGRBar7/+KNCf05kSnk4CmdDVhAy1RdbU9efCJ/o9GXI08JdUGwZ+5QJ3QX3kj0g==",
      "dependencies": [
        "lodash._setbinddata",
        "lodash.bind",
        "lodash.identity",
        "lodash.support"
      ]
    },
    "lodash._basecreatewrapper@2.3.0": {
      "integrity": "sha512-YLycQ7k8AB9Wc1EOvLNxuRWcqipDkMXq2GCgnLWQR6qtgTb3gY3LELzEpnFshrEO4LOLs+R2EpcY+uCOZaLQ8Q==",
      "dependencies": [
        "lodash._basecreate",
        "lodash._setbinddata",
        "lodash._slice",
        "lodash.isobject"
      ]
    },
    "lodash._createwrapper@2.3.0": {
      "integrity": "sha512-XjaI/rzg9W+WO4WJDQ+PRlHD5sAMJ1RhJLuT65cBxLCb1kIYs4U20jqvTDGAWyVT3c34GYiLd9AreHYuB/8yJA==",
      "dependencies": [
        "lodash._basebind",
        "lodash._basecreatewrapper",
        "lodash.isfunction"
      ]
    },
    "lodash._objecttypes@2.3.0": {
      "integrity": "sha512-jbA6QyHt9cw3BzvbWzIcnU3Z12jSneT6xBgz3Y782CJsN1tV5aTBKrFo2B4AkeHBNaxSrbPYZZpi1Lwj3xjdtg=="
    },
    "lodash._renative@2.3.0": {
      "integrity": "sha512-v44MRirqYqZGK/h5UKoVqXWF2L+LUiLTU+Ogu5rHRVWJUA1uWIlHaMpG8f/OA8j++BzPMQij9+erXHtgFcbuwg=="
    },
    "lodash._setbinddata@2.3.0": {
      "integrity": "sha512-xMFfbF7dL+sFtrdE49uHFmfpBAEwlFtfgMp86nQRlAF6aizYL+3MTbnYMKJSkP1W501PhsgiBED5kBbZd8kR2g==",
      "dependencies": [
        "lodash._renative",
        "lodash.noop"
      ]
    },
    "lodash._shimkeys@2.3.0": {
      "integrity": "sha512-9Iuyi7TiWMGa/9+2rqEE+Zwye4b/U2w7Saw6UX1h6Xs88mEER+uz9FZcEBPKMVKsad9Pw5GNAcIBRnW2jNpneQ==",
      "dependencies": [
        "lodash._objecttypes"
      ]
    },
    "lodash._slice@2.3.0": {
      "integrity": "sha512-7C61GhzRUv36gTafr+RIb+AomCAYsSATEoK4OP0VkNBcwvsM022Z22AVgqjjzikeNO1U29LzsJZDvLbiNPUYvA=="
    },
    "lodash.bind@2.3.0": {
      "integrity": "sha512-goakyOo+FMN8lttMPnZ0UNlr5RlzX4IrUXyTJPT2A0tGCMXySupond9wzvDqTvVmYTcQjIKGrj8naJDS2xWAlQ==",
      "dependencies": [
        "lodash._createwrapper",
        "lodash._renative",
        "lodash._slice"
      ]
    },
    "lodash.foreach@2.3.0": {
      "integrity": "sha512-yLnyptVRJd0//AbGp480grgQG9iaDIV5uOgSbpurRy1dYybPbjNTLQ3FyLEQ84buVLPG7jyaiyvpzgfOutRB3Q==",
      "dependencies": [
        "lodash._basecreatecallback",
        "lodash.forown"
      ]
    },
    "lodash.forown@2.3.0": {
      "integrity": "sha512-dUnCsuQTtq3Y7bxPNoEEqjJjPL2ftLtcz2PTeRKvhbpdM514AvnqCjewHGsm/W+dwspIwa14KoWEZeizJ7smxA==",
      "dependencies": [
        "lodash._basecreatecallback",
        "lodash._objecttypes",
        "lodash.keys"
      ]
    },
    "lodash.identity@2.3.0": {
      "integrity": "sha512-NYJ2r2cwy3tkx/saqbIZEX6oQUzjWTnGRu7d/zmBjMCZos3eHBxCpbvWFWSetv8jFVrptsp6EbWjzNgBKhUoOA=="
    },
    "lodash.isfunction@2.3.0": {
      "integrity": "sha512-X5lteBYlCrVO7Qc00fxP8W90fzRp6Ax9XcHANmU3OsZHdSyIVZ9ZlX5QTTpRq8aGY+9I5Rmd0UTzTIIyWPugEQ=="
    },
    "lodash.isobject@2.3.0": {
      "integrity": "sha512-jo1pfV61C4TE8BfEzqaHj6EIKiSkFANJrB6yscwuCJMSRw5tbqjk4Gv7nJzk4Z6nFKobZjGZ8Qd41vmnwgeQqQ==",
      "dependencies": [
        "lodash._objecttypes"
      ]
    },
    "lodash.keys@2.3.0": {
      "integrity": "sha512-c0UW0ffqMxSCtoVbmVt2lERJLkEqgoOn2ejPsWXzr0ZrqRbl3uruGgwHzhtqXxi6K/ei3Ey7zimOqSwXgzazPg==",
      "dependencies": [
        "lodash._renative",
        "lodash._shimkeys",
        "lodash.isobject"
      ]
    },
    "lodash.noop@2.3.0": {
      "integrity": "sha512-NpSm8HRm1WkBBWHUveDukLF4Kfb5P5E3fjHc9Qre9A11nNubozLWD2wH3UBTZbu+KSuX8aSUvy9b+PUyEceJ8g=="
    },
    "lodash.support@2.3.0": {
      "integrity": "sha512-etc7VWbB0U3Iya8ixj2xy4sDBN3jvPX7ODi8iXtn4KkkjNpdngrdc7Vlt5jub/Vgqx6/dWtp7Ml9awhCQPYKGQ==",
      "dependencies": [
        "lodash._renative"
      ]
    },
    "remix-auth-oauth2@3.4.1_remix-auth@4.2.0": {
      "integrity": "sha512-ZhGon1czdIsOw1/O9EcTCzapZB6FpT3u9vtXSVeEMwGNs+iWljRsibnUC1RtwJbzzCdLBSwIXTNTbiRmLZ4cZw==",
      "dependencies": [
        "@edgefirst-dev/data",
        "@mjackson/headers",
        "arctic",
        "remix-auth"
      ]
    },
    "remix-auth@4.2.0": {
      "integrity": "sha512-3LSfWEvSgG2CgbG/p4ge5hbV8tTXWNnnYIGbTr9oSSiHz9dD7wh6S0MEyo3pwh7MlKezB2WIlevGeyqUZykk7g=="
    }
  },
  "redirects": {
    "https://esm.sh/@supabase/functions-js@^2.1.5?target=denonext": "https://esm.sh/@supabase/functions-js@2.4.5?target=denonext",
    "https://esm.sh/@supabase/gotrue-js@^2.60.0?target=denonext": "https://esm.sh/@supabase/gotrue-js@2.71.1?target=denonext",
    "https://esm.sh/@supabase/node-fetch@^2.6.13?target=denonext": "https://esm.sh/@supabase/node-fetch@2.6.15?target=denonext",
    "https://esm.sh/@supabase/node-fetch@^2.6.14?target=denonext": "https://esm.sh/@supabase/node-fetch@2.6.15?target=denonext",
    "https://esm.sh/@supabase/postgrest-js@^1.9.0?target=denonext": "https://esm.sh/@supabase/postgrest-js@1.21.2?target=denonext",
    "https://esm.sh/@supabase/realtime-js@^2.9.3?target=denonext": "https://esm.sh/@supabase/realtime-js@2.15.0?target=denonext",
    "https://esm.sh/@supabase/storage-js@^2.5.4?target=denonext": "https://esm.sh/@supabase/storage-js@2.10.4?target=denonext",
    "https://esm.sh/tr46@~0.0.3?target=denonext": "https://esm.sh/tr46@0.0.3?target=denonext",
    "https://esm.sh/webidl-conversions@^3.0.0?target=denonext": "https://esm.sh/webidl-conversions@3.0.1?target=denonext",
    "https://esm.sh/whatwg-url@^5.0.0?target=denonext": "https://esm.sh/whatwg-url@5.0.0?target=denonext"
  },
  "remote": {
    "https://esm.sh/@supabase/functions-js@2.4.5/denonext/functions-js.mjs": "acfcb4db90c292c335a9dbb5664485f5e0b680533d68e6942abb9387ec7e0d0b",
    "https://esm.sh/@supabase/functions-js@2.4.5?target=denonext": "436c192af672106cd6eda10f518ed49795c21e78af5eb0d7000507e0886c6afa",
    "https://esm.sh/@supabase/gotrue-js@2.71.1/denonext/gotrue-js.mjs": "746cca5b920c651d2c60d2163971f6a9153654508ec940a10af5111e38e43c5b",
    "https://esm.sh/@supabase/gotrue-js@2.71.1?target=denonext": "182ef71da6bbccf5696027c0ff2df5fae9151d7bc56a5925dd3b7f86c34b56a2",
    "https://esm.sh/@supabase/node-fetch@2.6.15/denonext/node-fetch.mjs": "0bae9052231f4f6dbccc7234d05ea96923dbf967be12f402764580b6bf9f713d",
    "https://esm.sh/@supabase/node-fetch@2.6.15?target=denonext": "4d28c4ad97328403184353f68434f2b6973971507919e9150297413664919cf3",
    "https://esm.sh/@supabase/postgrest-js@1.21.2/denonext/postgrest-js.mjs": "d5e94a194bdd4b452d85996df72325d2cf68f7fcdc392541beccd427c981551f",
    "https://esm.sh/@supabase/postgrest-js@1.21.2?target=denonext": "943d706ce3247832475378614c96c6037828b39eb3ec47b8c01da01f8848f82f",
    "https://esm.sh/@supabase/realtime-js@2.15.0/denonext/realtime-js.mjs": "27e12368aa2e4bd4d1879e768d96f278362d3508927e9e58af38fd71fe5899db",
    "https://esm.sh/@supabase/realtime-js@2.15.0?target=denonext": "c5bc1f4c7a76333e08e3fe01c314849e429c6cf08cdbcaa82b2b9624dd33082c",
    "https://esm.sh/@supabase/storage-js@2.10.4/denonext/storage-js.mjs": "35600c8c2ecd34f833d3695f90997c294b4f95b2c20677b2d7fd643927b68f4f",
    "https://esm.sh/@supabase/storage-js@2.10.4?target=denonext": "ff2b275160422ea202adedd9dbcd68d1dd6a9326bc0929bf2bf22d05703b5f05",
    "https://esm.sh/@supabase/supabase-js@2.39.3": "832d7714491bd1c8a9008a332b35cb099f24b451ad79e755ecf4d71985fd6610",
    "https://esm.sh/@supabase/supabase-js@2.39.3/denonext/supabase-js.mjs": "054f4cd1560fa814cdc10d06c0809b00d0817dc06a072fa983e4c023e4346439",
    "https://esm.sh/tr46@0.0.3/denonext/tr46.mjs": "5753ec0a99414f4055f0c1f97691100f13d88e48a8443b00aebb90a512785fa2",
    "https://esm.sh/tr46@0.0.3?target=denonext": "19cb9be0f0d418a0c3abb81f2df31f080e9540a04e43b0f699bce1149cba0cbb",
    "https://esm.sh/webidl-conversions@3.0.1/denonext/webidl-conversions.mjs": "54b5c2d50a294853c4ccebf9d5ed8988c94f4e24e463d84ec859a866ea5fafec",
    "https://esm.sh/webidl-conversions@3.0.1?target=denonext": "4e20318d50528084616c79d7b3f6e7f0fe7b6d09013bd01b3974d7448d767e29",
    "https://esm.sh/whatwg-url@5.0.0/denonext/whatwg-url.mjs": "29b16d74ee72624c915745bbd25b617cfd2248c6af0f5120d131e232a9a9af79",
    "https://esm.sh/whatwg-url@5.0.0?target=denonext": "f001a2cadf81312d214ca330033f474e74d81a003e21e8c5d70a1f46dc97b02d"
  },
  "workspace": {
    "packageJson": {
      "dependencies": [
        "npm:@changesets/cli@^2.29.6",
        "npm:@changey/react-leaflet-markercluster@^4.0.0-rc1",
        "npm:@emotion/react@^11.14.0",
        "npm:@emotion/styled@^11.14.1",
        "npm:@mjackson/headers@~0.11.1",
        "npm:@mui/icons-material@^7.2.0",
        "npm:@mui/material@^7.2.0",
        "npm:@netlify/functions@^4.2.1",
        "npm:@netlify/remix-adapter@^2.6.1",
        "npm:@react-leaflet/core@3",
        "npm:@remix-run/dev@^2.16.8",
        "npm:@remix-run/node@^2.16.8",
        "npm:@remix-run/react@^2.16.8",
        "npm:@remix-run/serve@^2.16.8",
        "npm:@remix-run/testing@^2.16.8",
        "npm:@supabase/supabase-js@^2.52.0",
        "npm:@testing-library/jest-dom@^6.6.3",
        "npm:@testing-library/react@^16.3.0",
        "npm:@testing-library/user-event@^14.6.1",
        "npm:@types/google-polyline@^1.0.2",
        "npm:@types/jest@30",
        "npm:@types/leaflet@^1.9.20",
        "npm:@types/pg@^8.15.4",
        "npm:@types/react-dom@^18.2.7",
        "npm:@types/react@^18.2.20",
        "npm:@typescript-eslint/eslint-plugin@^6.21.0",
        "npm:@typescript-eslint/parser@^6.7.4",
        "npm:@vitest/ui@^3.2.4",
        "npm:arctic@^3.7.0",
        "npm:change-case@^5.4.4",
        "npm:convert-units@^2.3.4",
        "npm:convert@^5.12.0",
        "npm:cron@^4.3.3",
        "npm:date-fns@^4.1.0",
        "npm:dotenv-cli@10",
        "npm:dotenv@^17.2.0",
        "npm:drizzle-kit@~0.31.4",
        "npm:drizzle-orm@~0.44.3",
        "npm:es-toolkit@^1.39.8",
        "npm:eslint-config-prettier@^10.1.5",
        "npm:eslint-import-resolver-typescript@^3.6.1",
        "npm:eslint-plugin-import@^2.28.1",
        "npm:eslint-plugin-jsx-a11y@^6.7.1",
        "npm:eslint-plugin-react-hooks@^4.6.0",
        "npm:eslint-plugin-react@^7.33.2",
        "npm:eslint@^8.38.0",
        "npm:google-polyline@^1.0.3",
        "npm:isbot@^4.1.0",
        "npm:jsdom@^26.1.0",
        "npm:leaflet@^1.9.4",
        "npm:netlify-cli@^23.1.2",
        "npm:npm-run-all@^4.1.5",
        "npm:pg@^8.16.3",
        "npm:prettier-plugin-organize-imports@^4.2.0",
        "npm:prettier@3.6.2",
        "npm:react-dom@^18.2.0",
        "npm:react-geolocated@^4.3.0",
        "npm:react-leaflet@^4.2.1",
        "npm:react@^18.2.0",
        "npm:remix-auth-oauth2@^3.4.1",
        "npm:remix-auth@^4.2.0",
        "npm:remix-utils@^7.7.0",
        "npm:strava@^2.3.0",
        "npm:supabase@^2.33.9",
        "npm:tsx@^4.20.3",
        "npm:typescript@^5.1.6",
        "npm:vite-tsconfig-paths@^4.2.1",
        "npm:vite@6",
        "npm:vitest@^3.2.4"
      ]
    },
    "members": {
      "supabase/functions/hello-world": {
        "dependencies": [
          "jsr:@std/assert@1",
          "jsr:@std/http@1"
        ]
      },
      "supabase/functions/reconcile-athlete-data": {
        "dependencies": [
          "npm:drizzle-orm@*"
        ]
      }
    }
  }
}
